
Microsoft Visual Studio Solution File, Format Version 12.00
# Visual Studio Version 17
VisualStudioVersion = 17.12.35514.174 d17.12
MinimumVisualStudioVersion = 10.0.40219.1
Project("{FAE04EC0-301F-11D3-BF4B-00C04F79EFBC}") = "WebAPI", "WebAPI\WebAPI.csproj", "{D41287CF-5369-41BE-86D1-60E8E4D6D5BD}"
EndProject
Project("{FAE04EC0-301F-11D3-BF4B-00C04F79EFBC}") = "Linca_David_Lab11", "Linca_David_Lab11\Linca_David_Lab11.csproj", "{1C31973A-E543-4579-B944-AF582FAB2BA0}"
EndProject
Global
	GlobalSection(SolutionConfigurationPlatforms) = preSolution
		Debug|Any CPU = Debug|Any CPU
		Release|Any CPU = Release|Any CPU
	EndGlobalSection
	GlobalSection(ProjectConfigurationPlatforms) = postSolution
		{D41287CF-5369-41BE-86D1-60E8E4D6D5BD}.Debug|Any CPU.ActiveCfg = Debug|Any CPU
		{D41287CF-5369-41BE-86D1-60E8E4D6D5BD}.Debug|Any CPU.Build.0 = Debug|Any CPU
		{D41287CF-5369-41BE-86D1-60E8E4D6D5BD}.Release|Any CPU.ActiveCfg = Release|Any CPU
		{D41287CF-5369-41BE-86D1-60E8E4D6D5BD}.Release|Any CPU.Build.0 = Release|Any CPU
		{1C31973A-E543-4579-B944-AF582FAB2BA0}.Debug|Any CPU.ActiveCfg = Debug|Any CPU
		{1C31973A-E543-4579-B944-AF582FAB2BA0}.Debug|Any CPU.Build.0 = Debug|Any CPU
		{1C31973A-E543-4579-B944-AF582FAB2BA0}.Debug|Any CPU.Deploy.0 = Debug|Any CPU
		{1C31973A-E543-4579-B944-AF582FAB2BA0}.Release|Any CPU.ActiveCfg = Release|Any CPU
		{1C31973A-E543-4579-B944-AF582FAB2BA0}.Release|Any CPU.Build.0 = Release|Any CPU
		{1C31973A-E543-4579-B944-AF582FAB2BA0}.Release|Any CPU.Deploy.0 = Release|Any CPU
	EndGlobalSection
	GlobalSection(SolutionProperties) = preSolution
		HideSolutionNode = FALSE
	EndGlobalSection
EndGlobal
